{
  "corpus_revision_version": "v2.0",
  "new_hand_count": 394,
  "combined_corpus_count": 494,
  "sha256_new": "019f4922620cf83da358d2d20710745f91b51fcc347626a4df3ab0622c0d3048",
  "sha256_combined": "09c1881bf1b3ebac2b2a44d7abf1db9a62bc35b5adfb85333fa67bce9147ede9",
  "build_seed": 20260427,
  "pool_path": "data/corpus_revision_pool_combined_2026-04-27.jsonl",
  "existing_corpus_path": "data/pilot_corpus_100_hand_2026-04-26_v2.jsonl",
  "phase_a_count": 349,
  "phase_b_count": 45,
  "disjointness": {
    "within_batch_duplicates": 0,
    "total_forbidden_fingerprints": 170
  },
  "structural_verification": {
    "facing_bet_count": 163,
    "pfa_count": 217,
    "magg_villain_aggression_2_count": 73,
    "magg_template_count": 64,
    "donk_bet_defence_count": 25,
    "sb_hero_count": 26,
    "sb_hero_template_count": 20
  }
}